
Microsoft Visual Studio Solution File, Format Version 12.00
# Visual Studio Version 16
VisualStudioVersion = 16.0.31129.286
MinimumVisualStudioVersion = 10.0.40219.1
Project("{2150E333-8FDC-42A3-9474-1A3956D46DE8}") = "Application", "Application", "{818D0D20-0271-4652-8476-EEDEA747C7C0}"
EndProject
Project("{2150E333-8FDC-42A3-9474-1A3956D46DE8}") = "Domain", "Domain", "{7D022FD6-6272-4745-8D7F-0313E88D853C}"
EndProject
Project("{2150E333-8FDC-42A3-9474-1A3956D46DE8}") = "Infrastructure.IoC", "Infrastructure.IoC", "{20EC1187-E544-4F0C-8965-B88104BA220C}"
EndProject
Project("{2150E333-8FDC-42A3-9474-1A3956D46DE8}") = "Presentation", "Presentation", "{22AA13D6-12D6-4F9B-80C8-AC61586F9ECE}"
EndProject
Project("{2150E333-8FDC-42A3-9474-1A3956D46DE8}") = "Infrastructure.Data", "Infrastructure.Data", "{C6794994-709E-42AD-BCD1-43AEB0E9B661}"
EndProject
Project("{9A19103F-16F7-4668-BE54-9A1E7A4F7556}") = "CleanArch.MVC", "CleanArch.MVC\CleanArch.MVC.csproj", "{A4589279-B98E-44CA-8437-CD6759CE1EB9}"
EndProject
Project("{9A19103F-16F7-4668-BE54-9A1E7A4F7556}") = "CleanArch.Domain", "CleanArch.Domain\CleanArch.Domain.csproj", "{311CD78C-3382-4E11-91CF-1D15A29031D4}"
EndProject
Project("{9A19103F-16F7-4668-BE54-9A1E7A4F7556}") = "CleanArchitecture.Infra.Data", "CleanArchitecture.Infra.Data\CleanArchitecture.Infra.Data.csproj", "{0FD54563-DA40-479F-ACE2-B78D9130E30F}"
EndProject
Project("{9A19103F-16F7-4668-BE54-9A1E7A4F7556}") = "CleanArchitecture.Application", "CleanArchitecture.Application\CleanArchitecture.Application.csproj", "{B7FBED8F-776D-4C6C-9EDC-5D0D587B918C}"
EndProject
Project("{9A19103F-16F7-4668-BE54-9A1E7A4F7556}") = "CleanArchitecture.Infrastructure.IoC", "CleanArchitecture.Infrastructure.IoC\CleanArchitecture.Infrastructure.IoC.csproj", "{DD6F404C-5620-4272-8A1D-01F56E58DAE7}"
EndProject
Project("{2150E333-8FDC-42A3-9474-1A3956D46DE8}") = "Infrastructure.Bus", "Infrastructure.Bus", "{D1A8E813-D8CE-49AB-B905-A358F8ABDF02}"
EndProject
Project("{2150E333-8FDC-42A3-9474-1A3956D46DE8}") = "Api", "Api", "{761745BC-4CAD-41DB-B1FD-5058E5C5CB1D}"
EndProject
Project("{9A19103F-16F7-4668-BE54-9A1E7A4F7556}") = "CleanArchitecture.Infrastructure.Bus", "CleanArchitecture.Infrastructure.Bus\CleanArchitecture.Infrastructure.Bus.csproj", "{165F6293-7858-416E-8825-F7C6B7BA3B94}"
EndProject
Project("{FAE04EC0-301F-11D3-BF4B-00C04F79EFBC}") = "CleanArchitecture.Domain.Core", "CleanArchitecture.Domain.Core\CleanArchitecture.Domain.Core.csproj", "{AECD2ED6-9E2B-49EF-9A60-0B1A1400FBBC}"
EndProject
Project("{FAE04EC0-301F-11D3-BF4B-00C04F79EFBC}") = "CleanArchitecture.API", "CleanArchitecture.API\CleanArchitecture.API.csproj", "{4B1C3B16-334B-4C8C-A832-782CF839E97D}"
EndProject
Global
	GlobalSection(SolutionConfigurationPlatforms) = preSolution
		Debug|Any CPU = Debug|Any CPU
		Release|Any CPU = Release|Any CPU
	EndGlobalSection
	GlobalSection(ProjectConfigurationPlatforms) = postSolution
		{A4589279-B98E-44CA-8437-CD6759CE1EB9}.Debug|Any CPU.ActiveCfg = Debug|Any CPU
		{A4589279-B98E-44CA-8437-CD6759CE1EB9}.Debug|Any CPU.Build.0 = Debug|Any CPU
		{A4589279-B98E-44CA-8437-CD6759CE1EB9}.Release|Any CPU.ActiveCfg = Release|Any CPU
		{A4589279-B98E-44CA-8437-CD6759CE1EB9}.Release|Any CPU.Build.0 = Release|Any CPU
		{311CD78C-3382-4E11-91CF-1D15A29031D4}.Debug|Any CPU.ActiveCfg = Debug|Any CPU
		{311CD78C-3382-4E11-91CF-1D15A29031D4}.Debug|Any CPU.Build.0 = Debug|Any CPU
		{311CD78C-3382-4E11-91CF-1D15A29031D4}.Release|Any CPU.ActiveCfg = Release|Any CPU
		{311CD78C-3382-4E11-91CF-1D15A29031D4}.Release|Any CPU.Build.0 = Release|Any CPU
		{0FD54563-DA40-479F-ACE2-B78D9130E30F}.Debug|Any CPU.ActiveCfg = Debug|Any CPU
		{0FD54563-DA40-479F-ACE2-B78D9130E30F}.Debug|Any CPU.Build.0 = Debug|Any CPU
		{0FD54563-DA40-479F-ACE2-B78D9130E30F}.Release|Any CPU.ActiveCfg = Release|Any CPU
		{0FD54563-DA40-479F-ACE2-B78D9130E30F}.Release|Any CPU.Build.0 = Release|Any CPU
		{B7FBED8F-776D-4C6C-9EDC-5D0D587B918C}.Debug|Any CPU.ActiveCfg = Debug|Any CPU
		{B7FBED8F-776D-4C6C-9EDC-5D0D587B918C}.Debug|Any CPU.Build.0 = Debug|Any CPU
		{B7FBED8F-776D-4C6C-9EDC-5D0D587B918C}.Release|Any CPU.ActiveCfg = Release|Any CPU
		{B7FBED8F-776D-4C6C-9EDC-5D0D587B918C}.Release|Any CPU.Build.0 = Release|Any CPU
		{DD6F404C-5620-4272-8A1D-01F56E58DAE7}.Debug|Any CPU.ActiveCfg = Debug|Any CPU
		{DD6F404C-5620-4272-8A1D-01F56E58DAE7}.Debug|Any CPU.Build.0 = Debug|Any CPU
		{DD6F404C-5620-4272-8A1D-01F56E58DAE7}.Release|Any CPU.ActiveCfg = Release|Any CPU
		{DD6F404C-5620-4272-8A1D-01F56E58DAE7}.Release|Any CPU.Build.0 = Release|Any CPU
		{165F6293-7858-416E-8825-F7C6B7BA3B94}.Debug|Any CPU.ActiveCfg = Debug|Any CPU
		{165F6293-7858-416E-8825-F7C6B7BA3B94}.Debug|Any CPU.Build.0 = Debug|Any CPU
		{165F6293-7858-416E-8825-F7C6B7BA3B94}.Release|Any CPU.ActiveCfg = Release|Any CPU
		{165F6293-7858-416E-8825-F7C6B7BA3B94}.Release|Any CPU.Build.0 = Release|Any CPU
		{AECD2ED6-9E2B-49EF-9A60-0B1A1400FBBC}.Debug|Any CPU.ActiveCfg = Debug|Any CPU
		{AECD2ED6-9E2B-49EF-9A60-0B1A1400FBBC}.Debug|Any CPU.Build.0 = Debug|Any CPU
		{AECD2ED6-9E2B-49EF-9A60-0B1A1400FBBC}.Release|Any CPU.ActiveCfg = Release|Any CPU
		{AECD2ED6-9E2B-49EF-9A60-0B1A1400FBBC}.Release|Any CPU.Build.0 = Release|Any CPU
		{4B1C3B16-334B-4C8C-A832-782CF839E97D}.Debug|Any CPU.ActiveCfg = Debug|Any CPU
		{4B1C3B16-334B-4C8C-A832-782CF839E97D}.Debug|Any CPU.Build.0 = Debug|Any CPU
		{4B1C3B16-334B-4C8C-A832-782CF839E97D}.Release|Any CPU.ActiveCfg = Release|Any CPU
		{4B1C3B16-334B-4C8C-A832-782CF839E97D}.Release|Any CPU.Build.0 = Release|Any CPU
	EndGlobalSection
	GlobalSection(SolutionProperties) = preSolution
		HideSolutionNode = FALSE
	EndGlobalSection
	GlobalSection(NestedProjects) = preSolution
		{A4589279-B98E-44CA-8437-CD6759CE1EB9} = {22AA13D6-12D6-4F9B-80C8-AC61586F9ECE}
		{311CD78C-3382-4E11-91CF-1D15A29031D4} = {7D022FD6-6272-4745-8D7F-0313E88D853C}
		{0FD54563-DA40-479F-ACE2-B78D9130E30F} = {C6794994-709E-42AD-BCD1-43AEB0E9B661}
		{B7FBED8F-776D-4C6C-9EDC-5D0D587B918C} = {818D0D20-0271-4652-8476-EEDEA747C7C0}
		{DD6F404C-5620-4272-8A1D-01F56E58DAE7} = {20EC1187-E544-4F0C-8965-B88104BA220C}
		{165F6293-7858-416E-8825-F7C6B7BA3B94} = {D1A8E813-D8CE-49AB-B905-A358F8ABDF02}
		{AECD2ED6-9E2B-49EF-9A60-0B1A1400FBBC} = {7D022FD6-6272-4745-8D7F-0313E88D853C}
		{4B1C3B16-334B-4C8C-A832-782CF839E97D} = {761745BC-4CAD-41DB-B1FD-5058E5C5CB1D}
	EndGlobalSection
	GlobalSection(ExtensibilityGlobals) = postSolution
		SolutionGuid = {149F55EA-E336-41FC-89B2-39B666D70D10}
	EndGlobalSection
EndGlobal
